
Microsoft Visual Studio Solution File, Format Version 12.00
# Visual Studio Version 16
VisualStudioVersion = 16.0.31727.386
MinimumVisualStudioVersion = 10.0.40219.1
Project("{FAE04EC0-301F-11D3-BF4B-00C04F79EFBC}") = "ByteBank.Arrays", "ByteBank.Arrays\ByteBank.Arrays.csproj", "{EBD6BD1F-7775-4129-BD17-0E34D368FB99}"
EndProject
Global
	GlobalSection(SolutionConfigurationPlatforms) = preSolution
		Debug|Any CPU = Debug|Any CPU
		Release|Any CPU = Release|Any CPU
	EndGlobalSection
	GlobalSection(ProjectConfigurationPlatforms) = postSolution
		{EBD6BD1F-7775-4129-BD17-0E34D368FB99}.Debug|Any CPU.ActiveCfg = Debug|Any CPU
		{EBD6BD1F-7775-4129-BD17-0E34D368FB99}.Debug|Any CPU.Build.0 = Debug|Any CPU
		{EBD6BD1F-7775-4129-BD17-0E34D368FB99}.Release|Any CPU.ActiveCfg = Release|Any CPU
		{EBD6BD1F-7775-4129-BD17-0E34D368FB99}.Release|Any CPU.Build.0 = Release|Any CPU
	EndGlobalSection
	GlobalSection(SolutionProperties) = preSolution
		HideSolutionNode = FALSE
	EndGlobalSection
	GlobalSection(ExtensibilityGlobals) = postSolution
		SolutionGuid = {9FDF8379-8BBB-4E16-9298-7804C7368678}
	EndGlobalSection
EndGlobal
