
Microsoft Visual Studio Solution File, Format Version 12.00
# Visual Studio Version 16
VisualStudioVersion = 16.0.31727.386
MinimumVisualStudioVersion = 10.0.40219.1
Project("{FAE04EC0-301F-11D3-BF4B-00C04F79EFBC}") = "ByteBank.SistemaAgencia", "ByteBank.SistemaAgencia\ByteBank.SistemaAgencia.csproj", "{8EF9E716-EBF9-4F39-8D2C-07B1F6D00321}"
EndProject
Project("{FAE04EC0-301F-11D3-BF4B-00C04F79EFBC}") = "ByteBank.Modelos", "ByteBank.Modelos\ByteBank.Modelos.csproj", "{C10B8A89-7EAF-4FF7-BAFC-80376075BF85}"
EndProject
Global
	GlobalSection(SolutionConfigurationPlatforms) = preSolution
		Debug|Any CPU = Debug|Any CPU
		Release|Any CPU = Release|Any CPU
	EndGlobalSection
	GlobalSection(ProjectConfigurationPlatforms) = postSolution
		{8EF9E716-EBF9-4F39-8D2C-07B1F6D00321}.Debug|Any CPU.ActiveCfg = Debug|Any CPU
		{8EF9E716-EBF9-4F39-8D2C-07B1F6D00321}.Debug|Any CPU.Build.0 = Debug|Any CPU
		{8EF9E716-EBF9-4F39-8D2C-07B1F6D00321}.Release|Any CPU.ActiveCfg = Release|Any CPU
		{8EF9E716-EBF9-4F39-8D2C-07B1F6D00321}.Release|Any CPU.Build.0 = Release|Any CPU
		{C10B8A89-7EAF-4FF7-BAFC-80376075BF85}.Debug|Any CPU.ActiveCfg = Debug|Any CPU
		{C10B8A89-7EAF-4FF7-BAFC-80376075BF85}.Debug|Any CPU.Build.0 = Debug|Any CPU
		{C10B8A89-7EAF-4FF7-BAFC-80376075BF85}.Release|Any CPU.ActiveCfg = Release|Any CPU
		{C10B8A89-7EAF-4FF7-BAFC-80376075BF85}.Release|Any CPU.Build.0 = Release|Any CPU
	EndGlobalSection
	GlobalSection(SolutionProperties) = preSolution
		HideSolutionNode = FALSE
	EndGlobalSection
	GlobalSection(ExtensibilityGlobals) = postSolution
		SolutionGuid = {4510330A-9A24-43B6-911F-211D425FD235}
	EndGlobalSection
EndGlobal
